
Microsoft Visual Studio Solution File, Format Version 12.00
# Visual Studio Version 16
VisualStudioVersion = 25.0.1706.4
MinimumVisualStudioVersion = 10.0.40219.1
Project("{FAE04EC0-301F-11D3-BF4B-00C04F79EFBC}") = "Music", "Music\Music.csproj", "{C88AAC4D-8E81-404E-A5D0-68D07FD4D7B6}"
EndProject
Project("{FAE04EC0-301F-11D3-BF4B-00C04F79EFBC}") = "Helpers", "Helpers\Helpers.csproj", "{558ACB03-8B9E-4DC6-9082-1C0E18DDE210}"
EndProject
Global
	GlobalSection(SolutionConfigurationPlatforms) = preSolution
		Debug|Any CPU = Debug|Any CPU
		Release|Any CPU = Release|Any CPU
	EndGlobalSection
	GlobalSection(ProjectConfigurationPlatforms) = postSolution
		{C88AAC4D-8E81-404E-A5D0-68D07FD4D7B6}.Debug|Any CPU.ActiveCfg = Debug|Any CPU
		{C88AAC4D-8E81-404E-A5D0-68D07FD4D7B6}.Debug|Any CPU.Build.0 = Debug|Any CPU
		{C88AAC4D-8E81-404E-A5D0-68D07FD4D7B6}.Release|Any CPU.ActiveCfg = Release|Any CPU
		{C88AAC4D-8E81-404E-A5D0-68D07FD4D7B6}.Release|Any CPU.Build.0 = Release|Any CPU
		{558ACB03-8B9E-4DC6-9082-1C0E18DDE210}.Debug|Any CPU.ActiveCfg = Debug|Any CPU
		{558ACB03-8B9E-4DC6-9082-1C0E18DDE210}.Debug|Any CPU.Build.0 = Debug|Any CPU
		{558ACB03-8B9E-4DC6-9082-1C0E18DDE210}.Release|Any CPU.ActiveCfg = Release|Any CPU
		{558ACB03-8B9E-4DC6-9082-1C0E18DDE210}.Release|Any CPU.Build.0 = Release|Any CPU
	EndGlobalSection
	GlobalSection(SolutionProperties) = preSolution
		HideSolutionNode = FALSE
	EndGlobalSection
	GlobalSection(ExtensibilityGlobals) = postSolution
		SolutionGuid = {AFCD0E15-89EE-4E81-985D-D9E28338ED39}
	EndGlobalSection
EndGlobal
